
Microsoft Visual Studio Solution File, Format Version 12.00
# Visual Studio Version 16
VisualStudioVersion = 16.0.31005.135
MinimumVisualStudioVersion = 10.0.40219.1
Project("{FAE04EC0-301F-11D3-BF4B-00C04F79EFBC}") = "Projection", "Projection\Projection.csproj", "{9F5AD4B4-4051-4A57-8F85-2044DD5A552D}"
EndProject
Global
	GlobalSection(SolutionConfigurationPlatforms) = preSolution
		Debug|Any CPU = Debug|Any CPU
		Release|Any CPU = Release|Any CPU
	EndGlobalSection
	GlobalSection(ProjectConfigurationPlatforms) = postSolution
		{9F5AD4B4-4051-4A57-8F85-2044DD5A552D}.Debug|Any CPU.ActiveCfg = Debug|Any CPU
		{9F5AD4B4-4051-4A57-8F85-2044DD5A552D}.Debug|Any CPU.Build.0 = Debug|Any CPU
		{9F5AD4B4-4051-4A57-8F85-2044DD5A552D}.Release|Any CPU.ActiveCfg = Release|Any CPU
		{9F5AD4B4-4051-4A57-8F85-2044DD5A552D}.Release|Any CPU.Build.0 = Release|Any CPU
	EndGlobalSection
	GlobalSection(SolutionProperties) = preSolution
		HideSolutionNode = FALSE
	EndGlobalSection
	GlobalSection(ExtensibilityGlobals) = postSolution
		SolutionGuid = {D6787AB9-F176-4711-9589-24E0391C0925}
	EndGlobalSection
EndGlobal
